// !$*UTF8*$!
{
	archiveVersion = 1;
	classes = {
	};
	objectVersion = 46;
	objects = {

/* Begin PBXBuildFile section */
		B542FCAF1E48FC4400D0B3F6 /* ListTableViewController.swift in Sources */ = {isa = PBXBuildFile; fileRef = B542FCAE1E48FC4400D0B3F6 /* ListTableViewController.swift */; };
		B542FCB11E49029F00D0B3F6 /* CalculateViewController.swift in Sources */ = {isa = PBXBuildFile; fileRef = B542FCB01E49029F00D0B3F6 /* CalculateViewController.swift */; };
		B5C181B41E450B5100317904 /* AppDelegate.swift in Sources */ = {isa = PBXBuildFile; fileRef = B5C181B31E450B5100317904 /* AppDelegate.swift */; };
		B5C181B61E450B5100317904 /* ViewController.swift in Sources */ = {isa = PBXBuildFile; fileRef = B5C181B51E450B5100317904 /* ViewController.swift */; };
		B5C181B91E450B5100317904 /* Main.storyboard in Resources */ = {isa = PBXBuildFile; fileRef = B5C181B71E450B5100317904 /* Main.storyboard */; };
		B5C181BB1E450B5100317904 /* Assets.xcassets in Resources */ = {isa = PBXBuildFile; fileRef = B5C181BA1E450B5100317904 /* Assets.xcassets */; };
		B5C181BE1E450B5100317904 /* LaunchScreen.storyboard in Resources */ = {isa = PBXBuildFile; fileRef = B5C181BC1E450B5100317904 /* LaunchScreen.storyboard */; };
		B5C181C91E450B5200317904 /* Homework02Tests.swift in Sources */ = {isa = PBXBuildFile; fileRef = B5C181C81E450B5200317904 /* Homework02Tests.swift */; };
		B5C181D41E450B5200317904 /* Homework02UITests.swift in Sources */ = {isa = PBXBuildFile; fileRef = B5C181D31E450B5200317904 /* Homework02UITests.swift */; };
		B5F2C6DE1E4A92490047BE5F /* ShowTextViewController.swift in Sources */ = {isa = PBXBuildFile; fileRef = B5F2C6DD1E4A92490047BE5F /* ShowTextViewController.swift */; };
/* End PBXBuildFile section */

/* Begin PBXContainerItemProxy section */
		B5C181C51E450B5200317904 /* PBXContainerItemProxy */ = {
			isa = PBXContainerItemProxy;
			containerPortal = B5C181A81E450B5100317904 /* Project object */;
			proxyType = 1;
			remoteGlobalIDString = B5C181AF1E450B5100317904;
			remoteInfo = Homework02;
		};
		B5C181D01E450B5200317904 /* PBXContainerItemProxy */ = {
			isa = PBXContainerItemProxy;
			containerPortal = B5C181A81E450B5100317904 /* Project object */;
			proxyType = 1;
			remoteGlobalIDString = B5C181AF1E450B5100317904;
			remoteInfo = Homework02;
		};
/* End PBXContainerItemProxy section */

/* Begin PBXFileReference section */
		B542FCAE1E48FC4400D0B3F6 /* ListTableViewController.swift */ = {isa = PBXFileReference; fileEncoding = 4; lastKnownFileType = sourcecode.swift; path = ListTableViewController.swift; sourceTree = "<group>"; };
		B542FCB01E49029F00D0B3F6 /* CalculateViewController.swift */ = {isa = PBXFileReference; fileEncoding = 4; lastKnownFileType = sourcecode.swift; path = CalculateViewController.swift; sourceTree = "<group>"; };
		B5C181B01E450B5100317904 /* Homework02.app */ = {isa = PBXFileReference; explicitFileType = wrapper.application; includeInIndex = 0; path = Homework02.app; sourceTree = BUILT_PRODUCTS_DIR; };
		B5C181B31E450B5100317904 /* AppDelegate.swift */ = {isa = PBXFileReference; lastKnownFileType = sourcecode.swift; path = AppDelegate.swift; sourceTree = "<group>"; };
		B5C181B51E450B5100317904 /* ViewController.swift */ = {isa = PBXFileReference; lastKnownFileType = sourcecode.swift; path = ViewController.swift; sourceTree = "<group>"; };
		B5C181B81E450B5100317904 /* Base */ = {isa = PBXFileReference; lastKnownFileType = file.storyboard; name = Base; path = Base.lproj/Main.storyboard; sourceTree = "<group>"; };
		B5C181BA1E450B5100317904 /* Assets.xcassets */ = {isa = PBXFileReference; lastKnownFileType = folder.assetcatalog; path = Assets.xcassets; sourceTree = "<group>"; };
		B5C181BD1E450B5100317904 /* Base */ = {isa = PBXFileReference; lastKnownFileType = file.storyboard; name = Base; path = Base.lproj/LaunchScreen.storyboard; sourceTree = "<group>"; };
		B5C181BF1E450B5100317904 /* Info.plist */ = {isa = PBXFileReference; lastKnownFileType = text.plist.xml; path = Info.plist; sourceTree = "<group>"; };
		B5C181C41E450B5200317904 /* Homework02Tests.xctest */ = {isa = PBXFileReference; explicitFileType = wrapper.cfbundle; includeInIndex = 0; path = Homework02Tests.xctest; sourceTree = BUILT_PRODUCTS_DIR; };
		B5C181C81E450B5200317904 /* Homework02Tests.swift */ = {isa = PBXFileReference; lastKnownFileType = sourcecode.swift; path = Homework02Tests.swift; sourceTree = "<group>"; };
		B5C181CA1E450B5200317904 /* Info.plist */ = {isa = PBXFileReference; lastKnownFileType = text.plist.xml; path = Info.plist; sourceTree = "<group>"; };
		B5C181CF1E450B5200317904 /* Homework02UITests.xctest */ = {isa = PBXFileReference; explicitFileType = wrapper.cfbundle; includeInIndex = 0; path = Homework02UITests.xctest; sourceTree = BUILT_PRODUCTS_DIR; };
		B5C181D31E450B5200317904 /* Homework02UITests.swift */ = {isa = PBXFileReference; lastKnownFileType = sourcecode.swift; path = Homework02UITests.swift; sourceTree = "<group>"; };
		B5C181D51E450B5200317904 /* Info.plist */ = {isa = PBXFileReference; lastKnownFileType = text.plist.xml; path = Info.plist; sourceTree = "<group>"; };
		B5F2C6DD1E4A92490047BE5F /* ShowTextViewController.swift */ = {isa = PBXFileReference; fileEncoding = 4; lastKnownFileType = sourcecode.swift; path = ShowTextViewController.swift; sourceTree = "<group>"; };
/* End PBXFileReference section */

/* Begin PBXFrameworksBuildPhase section */
		B5C181AD1E450B5100317904 /* Frameworks */ = {
			isa = PBXFrameworksBuildPhase;
			buildActionMask = 2147483647;
			files = (
			);
			runOnlyForDeploymentPostprocessing = 0;
		};
		B5C181C11E450B5200317904 /* Frameworks */ = {
			isa = PBXFrameworksBuildPhase;
			buildActionMask = 2147483647;
			files = (
			);
			runOnlyForDeploymentPostprocessing = 0;
		};
		B5C181CC1E450B5200317904 /* Frameworks */ = {
			isa = PBXFrameworksBuildPhase;
			buildActionMask = 2147483647;
			files = (
			);
			runOnlyForDeploymentPostprocessing = 0;
		};
/* End PBXFrameworksBuildPhase section */

/* Begin PBXGroup section */
		B5C181A71E450B5100317904 = {
			isa = PBXGroup;
			children = (
				B5C181B21E450B5100317904 /* Homework02 */,
				B5C181C71E450B5200317904 /* Homework02Tests */,
				B5C181D21E450B5200317904 /* Homework02UITests */,
				B5C181B11E450B5100317904 /* Products */,
			);
			sourceTree = "<group>";
		};
		B5C181B11E450B5100317904 /* Products */ = {
			isa = PBXGroup;
			children = (
				B5C181B01E450B5100317904 /* Homework02.app */,
				B5C181C41E450B5200317904 /* Homework02Tests.xctest */,
				B5C181CF1E450B5200317904 /* Homework02UITests.xctest */,
			);
			name = Products;
			sourceTree = "<group>";
		};
		B5C181B21E450B5100317904 /* Homework02 */ = {
			isa = PBXGroup;
			children = (
				B5C181B31E450B5100317904 /* AppDelegate.swift */,
				B5C181B51E450B5100317904 /* ViewController.swift */,
				B5C181B71E450B5100317904 /* Main.storyboard */,
				B5C181BA1E450B5100317904 /* Assets.xcassets */,
				B5C181BC1E450B5100317904 /* LaunchScreen.storyboard */,
				B5C181BF1E450B5100317904 /* Info.plist */,
				B542FCAE1E48FC4400D0B3F6 /* ListTableViewController.swift */,
				B542FCB01E49029F00D0B3F6 /* CalculateViewController.swift */,
				B5F2C6DD1E4A92490047BE5F /* ShowTextViewController.swift */,
			);
			path = Homework02;
			sourceTree = "<group>";
		};
		B5C181C71E450B5200317904 /* Homework02Tests */ = {
			isa = PBXGroup;
			children = (
				B5C181C81E450B5200317904 /* Homework02Tests.swift */,
				B5C181CA1E450B5200317904 /* Info.plist */,
			);
			path = Homework02Tests;
			sourceTree = "<group>";
		};
		B5C181D21E450B5200317904 /* Homework02UITests */ = {
			isa = PBXGroup;
			children = (
				B5C181D31E450B5200317904 /* Homework02UITests.swift */,
				B5C181D51E450B5200317904 /* Info.plist */,
			);
			path = Homework02UITests;
			sourceTree = "<group>";
		};
/* End PBXGroup section */

/* Begin PBXNativeTarget section */
		B5C181AF1E450B5100317904 /* Homework02 */ = {
			isa = PBXNativeTarget;
			buildConfigurationList = B5C181D81E450B5200317904 /* Build configuration list for PBXNativeTarget "Homework02" */;
			buildPhases = (
				B5C181AC1E450B5100317904 /* Sources */,
				B5C181AD1E450B5100317904 /* Frameworks */,
				B5C181AE1E450B5100317904 /* Resources */,
			);
			buildRules = (
			);
			dependencies = (
			);
			name = Homework02;
			productName = Homework02;
			productReference = B5C181B01E450B5100317904 /* Homework02.app */;
			productType = "com.apple.product-type.application";
		};
		B5C181C31E450B5200317904 /* Homework02Tests */ = {
			isa = PBXNativeTarget;
			buildConfigurationList = B5C181DB1E450B5200317904 /* Build configuration list for PBXNativeTarget "Homework02Tests" */;
			buildPhases = (
				B5C181C01E450B5200317904 /* Sources */,
				B5C181C11E450B5200317904 /* Frameworks */,
				B5C181C21E450B5200317904 /* Resources */,
			);
			buildRules = (
			);
			dependencies = (
				B5C181C61E450B5200317904 /* PBXTargetDependency */,
			);
			name = Homework02Tests;
			productName = Homework02Tests;
			productReference = B5C181C41E450B5200317904 /* Homework02Tests.xctest */;
			productType = "com.apple.product-type.bundle.unit-test";
		};
		B5C181CE1E450B5200317904 /* Homework02UITests */ = {
			isa = PBXNativeTarget;
			buildConfigurationList = B5C181DE1E450B5200317904 /* Build configuration list for PBXNativeTarget "Homework02UITests" */;
			buildPhases = (
				B5C181CB1E450B5200317904 /* Sources */,
				B5C181CC1E450B5200317904 /* Frameworks */,
				B5C181CD1E450B5200317904 /* Resources */,
			);
			buildRules = (
			);
			dependencies = (
				B5C181D11E450B5200317904 /* PBXTargetDependency */,
			);
			name = Homework02UITests;
			productName = Homework02UITests;
			productReference = B5C181CF1E450B5200317904 /* Homework02UITests.xctest */;
			productType = "com.apple.product-type.bundle.ui-testing";
		};
/* End PBXNativeTarget section */

/* Begin PBXProject section */
		B5C181A81E450B5100317904 /* Project object */ = {
			isa = PBXProject;
			attributes = {
				LastSwiftUpdateCheck = 0820;
				LastUpgradeCheck = 0820;
				ORGANIZATIONNAME = "Virtualink inc";
				TargetAttributes = {
					B5C181AF1E450B5100317904 = {
						CreatedOnToolsVersion = 8.2.1;
						ProvisioningStyle = Automatic;
					};
					B5C181C31E450B5200317904 = {
						CreatedOnToolsVersion = 8.2.1;
						ProvisioningStyle = Automatic;
						TestTargetID = B5C181AF1E450B5100317904;
					};
					B5C181CE1E450B5200317904 = {
						CreatedOnToolsVersion = 8.2.1;
						ProvisioningStyle = Automatic;
						TestTargetID = B5C181AF1E450B5100317904;
					};
				};
			};
			buildConfigurationList = B5C181AB1E450B5100317904 /* Build configuration list for PBXProject "Homework02" */;
			compatibilityVersion = "Xcode 3.2";
			developmentRegion = English;
			hasScannedForEncodings = 0;
			knownRegions = (
				en,
				Base,
			);
			mainGroup = B5C181A71E450B5100317904;
			productRefGroup = B5C181B11E450B5100317904 /* Products */;
			projectDirPath = "";
			projectRoot = "";
			targets = (
				B5C181AF1E450B5100317904 /* Homework02 */,
				B5C181C31E450B5200317904 /* Homework02Tests */,
				B5C181CE1E450B5200317904 /* Homework02UITests */,
			);
		};
/* End PBXProject section */

/* Begin PBXResourcesBuildPhase section */
		B5C181AE1E450B5100317904 /* Resources */ = {
			isa = PBXResourcesBuildPhase;
			buildActionMask = 2147483647;
			files = (
				B5C181BE1E450B5100317904 /* LaunchScreen.storyboard in Resources */,
				B5C181BB1E450B5100317904 /* Assets.xcassets in Resources */,
				B5C181B91E450B5100317904 /* Main.storyboard in Resources */,
			);
			runOnlyForDeploymentPostprocessing = 0;
		};
		B5C181C21E450B5200317904 /* Resources */ = {
			isa = PBXResourcesBuildPhase;
			buildActionMask = 2147483647;
			files = (
			);
			runOnlyForDeploymentPostprocessing = 0;
		};
		B5C181CD1E450B5200317904 /* Resources */ = {
			isa = PBXResourcesBuildPhase;
			buildActionMask = 2147483647;
			files = (
			);
			runOnlyForDeploymentPostprocessing = 0;
		};
/* End PBXResourcesBuildPhase section */

/* Begin PBXSourcesBuildPhase section */
		B5C181AC1E450B5100317904 /* Sources */ = {
			isa = PBXSourcesBuildPhase;
			buildActionMask = 2147483647;
			files = (
				B542FCAF1E48FC4400D0B3F6 /* ListTableViewController.swift in Sources */,
				B5F2C6DE1E4A92490047BE5F /* ShowTextViewController.swift in Sources */,
				B542FCB11E49029F00D0B3F6 /* CalculateViewController.swift in Sources */,
				B5C181B61E450B5100317904 /* ViewController.swift in Sources */,
				B5C181B41E450B5100317904 /* AppDelegate.swift in Sources */,
			);
			runOnlyForDeploymentPostprocessing = 0;
		};
		B5C181C01E450B5200317904 /* Sources */ = {
			isa = PBXSourcesBuildPhase;
			buildActionMask = 2147483647;
			files = (
				B5C181C91E450B5200317904 /* Homework02Tests.swift in Sources */,
			);
			runOnlyForDeploymentPostprocessing = 0;
		};
		B5C181CB1E450B5200317904 /* Sources */ = {
			isa = PBXSourcesBuildPhase;
			buildActionMask = 2147483647;
			files = (
				B5C181D41E450B5200317904 /* Homework02UITests.swift in Sources */,
			);
			runOnlyForDeploymentPostprocessing = 0;
		};
/* End PBXSourcesBuildPhase section */

/* Begin PBXTargetDependency section */
		B5C181C61E450B5200317904 /* PBXTargetDependency */ = {
			isa = PBXTargetDependency;
			target = B5C181AF1E450B5100317904 /* Homework02 */;
			targetProxy = B5C181C51E450B5200317904 /* PBXContainerItemProxy */;
		};
		B5C181D11E450B5200317904 /* PBXTargetDependency */ = {
			isa = PBXTargetDependency;
			target = B5C181AF1E450B5100317904 /* Homework02 */;
			targetProxy = B5C181D01E450B5200317904 /* PBXContainerItemProxy */;
		};
/* End PBXTargetDependency section */

/* Begin PBXVariantGroup section */
		B5C181B71E450B5100317904 /* Main.storyboard */ = {
			isa = PBXVariantGroup;
			children = (
				B5C181B81E450B5100317904 /* Base */,
			);
			name = Main.storyboard;
			sourceTree = "<group>";
		};
		B5C181BC1E450B5100317904 /* LaunchScreen.storyboard */ = {
			isa = PBXVariantGroup;
			children = (
				B5C181BD1E450B5100317904 /* Base */,
			);
			name = LaunchScreen.storyboard;
			sourceTree = "<group>";
		};
/* End PBXVariantGroup section */

/* Begin XCBuildConfiguration section */
		B5C181D61E450B5200317904 /* Debug */ = {
			isa = XCBuildConfiguration;
			buildSettings = {
				ALWAYS_SEARCH_USER_PATHS = NO;
				CLANG_ANALYZER_NONNULL = YES;
				CLANG_CXX_LANGUAGE_STANDARD = "gnu++0x";
				CLANG_CXX_LIBRARY = "libc++";
				CLANG_ENABLE_MODULES = YES;
				CLANG_ENABLE_OBJC_ARC = YES;
				CLANG_WARN_BOOL_CONVERSION = YES;
				CLANG_WARN_CONSTANT_CONVERSION = YES;
				CLANG_WARN_DIRECT_OBJC_ISA_USAGE = YES_ERROR;
				CLANG_WARN_DOCUMENTATION_COMMENTS = YES;
				CLANG_WARN_EMPTY_BODY = YES;
				CLANG_WARN_ENUM_CONVERSION = YES;
				CLANG_WARN_INFINITE_RECURSION = YES;
				CLANG_WARN_INT_CONVERSION = YES;
				CLANG_WARN_OBJC_ROOT_CLASS = YES_ERROR;
				CLANG_WARN_SUSPICIOUS_MOVE = YES;
				CLANG_WARN_UNREACHABLE_CODE = YES;
				CLANG_WARN__DUPLICATE_METHOD_MATCH = YES;
				"CODE_SIGN_IDENTITY[sdk=iphoneos*]" = "iPhone Developer";
				COPY_PHASE_STRIP = NO;
				DEBUG_INFORMATION_FORMAT = dwarf;
				ENABLE_STRICT_OBJC_MSGSEND = YES;
				ENABLE_TESTABILITY = YES;
				GCC_C_LANGUAGE_STANDARD = gnu99;
				GCC_DYNAMIC_NO_PIC = NO;
				GCC_NO_COMMON_BLOCKS = YES;
				GCC_OPTIMIZATION_LEVEL = 0;
				GCC_PREPROCESSOR_DEFINITIONS = (
					"DEBUG=1",
					"$(inherited)",
				);
				GCC_WARN_64_TO_32_BIT_CONVERSION = YES;
				GCC_WARN_ABOUT_RETURN_TYPE = YES_ERROR;
				GCC_WARN_UNDECLARED_SELECTOR = YES;
				GCC_WARN_UNINITIALIZED_AUTOS = YES_AGGRESSIVE;
				GCC_WARN_UNUSED_FUNCTION = YES;
				GCC_WARN_UNUSED_VARIABLE = YES;
				IPHONEOS_DEPLOYMENT_TARGET = 10.2;
				MTL_ENABLE_DEBUG_INFO = YES;
				ONLY_ACTIVE_ARCH = YES;
				SDKROOT = iphoneos;
				SWIFT_ACTIVE_COMPILATION_CONDITIONS = DEBUG;
				SWIFT_OPTIMIZATION_LEVEL = "-Onone";
			};
			name = Debug;
		};
		B5C181D71E450B5200317904 /* Release */ = {
			isa = XCBuildConfiguration;
			buildSettings = {
				ALWAYS_SEARCH_USER_PATHS = NO;
				CLANG_ANALYZER_NONNULL = YES;
				CLANG_CXX_LANGUAGE_STANDARD = "gnu++0x";
				CLANG_CXX_LIBRARY = "libc++";
				CLANG_ENABLE_MODULES = YES;
				CLANG_ENABLE_OBJC_ARC = YES;
				CLANG_WARN_BOOL_CONVERSION = YES;
				CLANG_WARN_CONSTANT_CONVERSION = YES;
				CLANG_WARN_DIRECT_OBJC_ISA_USAGE = YES_ERROR;
				CLANG_WARN_DOCUMENTATION_COMMENTS = YES;
				CLANG_WARN_EMPTY_BODY = YES;
				CLANG_WARN_ENUM_CONVERSION = YES;
				CLANG_WARN_INFINITE_RECURSION = YES;
				CLANG_WARN_INT_CONVERSION = YES;
				CLANG_WARN_OBJC_ROOT_CLASS = YES_ERROR;
				CLANG_WARN_SUSPICIOUS_MOVE = YES;
				CLANG_WARN_UNREACHABLE_CODE = YES;
				CLANG_WARN__DUPLICATE_METHOD_MATCH = YES;
				"CODE_SIGN_IDENTITY[sdk=iphoneos*]" = "iPhone Developer";
				COPY_PHASE_STRIP = NO;
				DEBUG_INFORMATION_FORMAT = "dwarf-with-dsym";
				ENABLE_NS_ASSERTIONS = NO;
				ENABLE_STRICT_OBJC_MSGSEND = YES;
				GCC_C_LANGUAGE_STANDARD = gnu99;
				GCC_NO_COMMON_BLOCKS = YES;
				GCC_WARN_64_TO_32_BIT_CONVERSION = YES;
				GCC_WARN_ABOUT_RETURN_TYPE = YES_ERROR;
				GCC_WARN_UNDECLARED_SELECTOR = YES;
				GCC_WARN_UNINITIALIZED_AUTOS = YES_AGGRESSIVE;
				GCC_WARN_UNUSED_FUNCTION = YES;
				GCC_WARN_UNUSED_VARIABLE = YES;
				IPHONEOS_DEPLOYMENT_TARGET = 10.2;
				MTL_ENABLE_DEBUG_INFO = NO;
				SDKROOT = iphoneos;
				SWIFT_OPTIMIZATION_LEVEL = "-Owholemodule";
				VALIDATE_PRODUCT = YES;
			};
			name = Release;
		};
		B5C181D91E450B5200317904 /* Debug */ = {
			isa = XCBuildConfiguration;
			buildSettings = {
				ASSETCATALOG_COMPILER_APPICON_NAME = AppIcon;
				INFOPLIST_FILE = Homework02/Info.plist;
				LD_RUNPATH_SEARCH_PATHS = "$(inherited) @executable_path/Frameworks";
				PRODUCT_BUNDLE_IDENTIFIER = virtualink.pe.Homework02;
				PRODUCT_NAME = "$(TARGET_NAME)";
				SWIFT_VERSION = 3.0;
			};
			name = Debug;
		};
		B5C181DA1E450B5200317904 /* Release */ = {
			isa = XCBuildConfiguration;
			buildSettings = {
				ASSETCATALOG_COMPILER_APPICON_NAME = AppIcon;
				INFOPLIST_FILE = Homework02/Info.plist;
				LD_RUNPATH_SEARCH_PATHS = "$(inherited) @executable_path/Frameworks";
				PRODUCT_BUNDLE_IDENTIFIER = virtualink.pe.Homework02;
				PRODUCT_NAME = "$(TARGET_NAME)";
				SWIFT_VERSION = 3.0;
			};
			name = Release;
		};
		B5C181DC1E450B5200317904 /* Debug */ = {
			isa = XCBuildConfiguration;
			buildSettings = {
				ALWAYS_EMBED_SWIFT_STANDARD_LIBRARIES = YES;
				BUNDLE_LOADER = "$(TEST_HOST)";
				INFOPLIST_FILE = Homework02Tests/Info.plist;
				LD_RUNPATH_SEARCH_PATHS = "$(inherited) @executable_path/Frameworks @loader_path/Frameworks";
				PRODUCT_BUNDLE_IDENTIFIER = virtualink.pe.Homework02Tests;
				PRODUCT_NAME = "$(TARGET_NAME)";
				SWIFT_VERSION = 3.0;
				TEST_HOST = "$(BUILT_PRODUCTS_DIR)/Homework02.app/Homework02";
			};
			name = Debug;
		};
		B5C181DD1E450B5200317904 /* Release */ = {
			isa = XCBuildConfiguration;
			buildSettings = {
				ALWAYS_EMBED_SWIFT_STANDARD_LIBRARIES = YES;
				BUNDLE_LOADER = "$(TEST_HOST)";
				INFOPLIST_FILE = Homework02Tests/Info.plist;
				LD_RUNPATH_SEARCH_PATHS = "$(inherited) @executable_path/Frameworks @loader_path/Frameworks";
				PRODUCT_BUNDLE_IDENTIFIER = virtualink.pe.Homework02Tests;
				PRODUCT_NAME = "$(TARGET_NAME)";
				SWIFT_VERSION = 3.0;
				TEST_HOST = "$(BUILT_PRODUCTS_DIR)/Homework02.app/Homework02";
			};
			name = Release;
		};
		B5C181DF1E450B5200317904 /* Debug */ = {
			isa = XCBuildConfiguration;
			buildSettings = {
				ALWAYS_EMBED_SWIFT_STANDARD_LIBRARIES = YES;
				INFOPLIST_FILE = Homework02UITests/Info.plist;
				LD_RUNPATH_SEARCH_PATHS = "$(inherited) @executable_path/Frameworks @loader_path/Frameworks";
				PRODUCT_BUNDLE_IDENTIFIER = virtualink.pe.Homework02UITests;
				PRODUCT_NAME = "$(TARGET_NAME)";
				SWIFT_VERSION = 3.0;
				TEST_TARGET_NAME = Homework02;
			};
			name = Debug;
		};
		B5C181E01E450B5200317904 /* Release */ = {
			isa = XCBuildConfiguration;
			buildSettings = {
				ALWAYS_EMBED_SWIFT_STANDARD_LIBRARIES = YES;
				INFOPLIST_FILE = Homework02UITests/Info.plist;
				LD_RUNPATH_SEARCH_PATHS = "$(inherited) @executable_path/Frameworks @loader_path/Frameworks";
				PRODUCT_BUNDLE_IDENTIFIER = virtualink.pe.Homework02UITests;
				PRODUCT_NAME = "$(TARGET_NAME)";
				SWIFT_VERSION = 3.0;
				TEST_TARGET_NAME = Homework02;
			};
			name = Release;
		};
/* End XCBuildConfiguration section */

/* Begin XCConfigurationList section */
		B5C181AB1E450B5100317904 /* Build configuration list for PBXProject "Homework02" */ = {
			isa = XCConfigurationList;
			buildConfigurations = (
				B5C181D61E450B5200317904 /* Debug */,
				B5C181D71E450B5200317904 /* Release */,
			);
			defaultConfigurationIsVisible = 0;
			defaultConfigurationName = Release;
		};
		B5C181D81E450B5200317904 /* Build configuration list for PBXNativeTarget "Homework02" */ = {
			isa = XCConfigurationList;
			buildConfigurations = (
				B5C181D91E450B5200317904 /* Debug */,
				B5C181DA1E450B5200317904 /* Release */,
			);
			defaultConfigurationIsVisible = 0;
			defaultConfigurationName = Release;
		};
		B5C181DB1E450B5200317904 /* Build configuration list for PBXNativeTarget "Homework02Tests" */ = {
			isa = XCConfigurationList;
			buildConfigurations = (
				B5C181DC1E450B5200317904 /* Debug */,
				B5C181DD1E450B5200317904 /* Release */,
			);
			defaultConfigurationIsVisible = 0;
			defaultConfigurationName = Release;
		};
		B5C181DE1E450B5200317904 /* Build configuration list for PBXNativeTarget "Homework02UITests" */ = {
			isa = XCConfigurationList;
			buildConfigurations = (
				B5C181DF1E450B5200317904 /* Debug */,
				B5C181E01E450B5200317904 /* Release */,
			);
			defaultConfigurationIsVisible = 0;
			defaultConfigurationName = Release;
		};
/* End XCConfigurationList section */
	};
	rootObject = B5C181A81E450B5100317904 /* Project object */;
}
